{
  "name": "f",
  "version": "1.0.0",
  "lockfileVersion": 1,
  "requires": true,
  "dependencies": {
    "extract-media-query-plugin": {
      "version": "1.0.24",
      "resolved": "https://registry.npmjs.org/extract-media-query-plugin/-/extract-media-query-plugin-1.0.24.tgz",
      "integrity": "sha512-/SpBOajDZvrrexq9rGFUurjkFd5eskIvL3VImEZTziLzebfCoiLVOSpmVpkgDjSiFQ7vmb0EfBG59g8afscqLw=="
    },
    "is-finite": {
      "version": "1.1.0",
      "resolved": "https://registry.npmjs.org/is-finite/-/is-finite-1.1.0.tgz",
      "integrity": "sha512-cdyMtqX/BOqqNBBiKlIVkytNHm49MtMlYyn1zxzvJKWmFMlGzm+ry5BBfYyeY9YmNKbRSo/o7OX9w9ale0wg3w=="
    },
    "is-prime": {
      "version": "1.0.1",
      "resolved": "https://registry.npmjs.org/is-prime/-/is-prime-1.0.1.tgz",
      "integrity": "sha1-stc1sRkQ7z1Bdb913k6INcSosd4=",
      "requires": {
        "number-is-integer": "*"
      }
    },
    "node-fetch": {
      "version": "2.6.7",
      "resolved": "https://registry.npmjs.org/node-fetch/-/node-fetch-2.6.7.tgz",
      "integrity": "sha512-ZjMPFEfVx5j+y2yF35Kzx5sF7kDzxuDj6ziH4FFbOp87zKDZNx8yExJIb05OGF4Nlt9IHFIMBkRl41VdvcNdbQ==",
      "requires": {
        "whatwg-url": "^5.0.0"
      }
    },
    "number-is-integer": {
      "version": "2.0.0",
      "resolved": "https://registry.npmjs.org/number-is-integer/-/number-is-integer-2.0.0.tgz",
      "integrity": "sha512-sNqkyjlp8T5DHX51pnAWuF8OUQBSo4WzQ6D4Gemt+UtRf+ra3etdt/sE9vxQHoRLY573Gbb4oZsDTNp7tfUQjA==",
      "requires": {
        "is-finite": "^1.0.1"
      }
    },
    "prime-number-boolean": {
      "version": "1.2.3",
      "resolved": "https://registry.npmjs.org/prime-number-boolean/-/prime-number-boolean-1.2.3.tgz",
      "integrity": "sha512-cF5APYZ3Wgf+kT0EgM8QkIum6cWtJj/uxMwx1dyQlvCx2Kfuo47IOKecJgfEEUaM7MSeliTOhUGphT91mXL2MQ=="
    },
    "tr46": {
      "version": "0.0.3",
      "resolved": "https://registry.npmjs.org/tr46/-/tr46-0.0.3.tgz",
      "integrity": "sha1-gYT9NH2snNwYWZLzpmIuFLnZq2o="
    },
    "webidl-conversions": {
      "version": "3.0.1",
      "resolved": "https://registry.npmjs.org/webidl-conversions/-/webidl-conversions-3.0.1.tgz",
      "integrity": "sha1-JFNCdeKnvGvnvIZhHMFq4KVlSHE="
    },
    "whatwg-url": {
      "version": "5.0.0",
      "resolved": "https://registry.npmjs.org/whatwg-url/-/whatwg-url-5.0.0.tgz",
      "integrity": "sha1-lmRU6HZUYuN2RNNib2dCzotwll0=",
      "requires": {
        "tr46": "~0.0.3",
        "webidl-conversions": "^3.0.0"
      }
    }
  }
}
