github.com/DmitriyVTitov/size v1.5.0 h1:/PzqxYrOyOUX1BXj6J9OuVRVGe+66VL4D9FlUaW515g=
github.com/DmitriyVTitov/size v1.5.0/go.mod h1:le6rNI4CoLQV1b9gzp1+3d7hMAD/uu2QcJ+aYbNgiU0=
github.com/aclements/go-moremath v0.0.0-20210112150236-f10218a38794 h1:xlwdaKcTNVW4PtpQb8aKA4Pjy0CdJHEqvFbAnvR5m2g=
github.com/aclements/go-moremath v0.0.0-20210112150236-f10218a38794/go.mod h1:7e+I0LQFUI9AXWxOfsQROs9xPhoJtbsyWcjJqDd4KPY=
github.com/davecgh/go-spew v1.1.1 h1:vj9j/u1bqnvCEfJOwUhtlOARqs3+rkHYY13jYWTU97c=
github.com/davecgh/go-spew v1.1.1/go.mod h1:J7Y8YcW2NihsgmVo/mv3lAwl/skON4iLHjSsI+c5H38=
github.com/golang/groupcache v0.0.0-20210331224755-41bb18bfe9da h1:oI5xCqsCo564l8iNU+DwB5epxmsaqB+rhGL0m5jtYqE=
github.com/golang/groupcache v0.0.0-20210331224755-41bb18bfe9da/go.mod h1:cIg4eruTrX1D+g88fzRXU5OdNfaM+9IcxsU14FzY7Hc=
github.com/pmezard/go-difflib v1.0.0 h1:4DBwDE0NGyQoBHbLQYPwSUPoCMWR5BEzIk/f1lZbAQM=
github.com/pmezard/go-difflib v1.0.0/go.mod h1:iKH77koFhYxTK1pcRnkKkqfTogsbg7gZNVY4sRDYZ/4=
github.com/stretchr/testify v1.9.0 h1:HtqpIVDClZ4nwg75+f6Lvsy/wHu+3BoSGCbBAcpTsTg=
github.com/stretchr/testify v1.9.0/go.mod h1:r2ic/lqez/lEtzL7wO/rwa5dbSLXVDPFyf8C91i36aY=
golang.org/x/perf v0.0.0-20240510023725-bedb9135df6d h1:QTr4HWRb3m3+xRitZtKm9CqwiROVnNCMfL+U2P9C0Vc=
golang.org/x/perf v0.0.0-20240510023725-bedb9135df6d/go.mod h1:ipWOGiEQ0J5j74LbJ1iNKP2gTl4oge+Djuh2sTOqiRc=
gopkg.in/check.v1 v0.0.0-20161208181325-20d25e280405 h1:yhCVgyC4o1eVCa2tZl7eS0r+SDo693bJlVdllGtEeKM=
gopkg.in/check.v1 v0.0.0-20161208181325-20d25e280405/go.mod h1:Co6ibVJAznAaIkqp8huTwlJQCZ016jof/cbN4VW5Yz0=
gopkg.in/yaml.v3 v3.0.1 h1:fxVm/GzAzEWqLHuvctI91KS9hhNmmWOoWu0XTYJS7CA=
gopkg.in/yaml.v3 v3.0.1/go.mod h1:K4uyk7z7BCEPqu6E+C64Yfv1cQ7kz7rIZviUmN+EgEM=
